// !$*UTF8*$!
{
	archiveVersion = 1;
	classes = {
	};
	objectVersion = 56;
	objects = {

/* Begin PBXBuildFile section */
		19D99B3D29D30A0700F5414A /* TickeBooApp.swift in Sources */ = {isa = PBXBuildFile; fileRef = 19D99B3C29D30A0700F5414A /* TickeBooApp.swift */; };
		19D99B3F29D30A0700F5414A /* ContentView.swift in Sources */ = {isa = PBXBuildFile; fileRef = 19D99B3E29D30A0700F5414A /* ContentView.swift */; };
		19D99B4129D30A0900F5414A /* Assets.xcassets in Resources */ = {isa = PBXBuildFile; fileRef = 19D99B4029D30A0900F5414A /* Assets.xcassets */; };
		19D99B4429D30A0900F5414A /* Preview Assets.xcassets in Resources */ = {isa = PBXBuildFile; fileRef = 19D99B4329D30A0900F5414A /* Preview Assets.xcassets */; };
		19D99B4C29D30AEE00F5414A /* Home.swift in Sources */ = {isa = PBXBuildFile; fileRef = 19D99B4B29D30AEE00F5414A /* Home.swift */; };
		19D99B4F29D3235200F5414A /* MovieModel.swift in Sources */ = {isa = PBXBuildFile; fileRef = 19D99B4E29D3235200F5414A /* MovieModel.swift */; };
		19D99B5129D33CBF00F5414A /* BookingView.swift in Sources */ = {isa = PBXBuildFile; fileRef = 19D99B5029D33CBF00F5414A /* BookingView.swift */; };
/* End PBXBuildFile section */

/* Begin PBXFileReference section */
		19D99B3929D30A0700F5414A /* TickeBoo.app */ = {isa = PBXFileReference; explicitFileType = wrapper.application; includeInIndex = 0; path = TickeBoo.app; sourceTree = BUILT_PRODUCTS_DIR; };
		19D99B3C29D30A0700F5414A /* TickeBooApp.swift */ = {isa = PBXFileReference; lastKnownFileType = sourcecode.swift; path = TickeBooApp.swift; sourceTree = "<group>"; };
		19D99B3E29D30A0700F5414A /* ContentView.swift */ = {isa = PBXFileReference; lastKnownFileType = sourcecode.swift; path = ContentView.swift; sourceTree = "<group>"; };
		19D99B4029D30A0900F5414A /* Assets.xcassets */ = {isa = PBXFileReference; lastKnownFileType = folder.assetcatalog; path = Assets.xcassets; sourceTree = "<group>"; };
		19D99B4329D30A0900F5414A /* Preview Assets.xcassets */ = {isa = PBXFileReference; lastKnownFileType = folder.assetcatalog; path = "Preview Assets.xcassets"; sourceTree = "<group>"; };
		19D99B4B29D30AEE00F5414A /* Home.swift */ = {isa = PBXFileReference; lastKnownFileType = sourcecode.swift; path = Home.swift; sourceTree = "<group>"; };
		19D99B4E29D3235200F5414A /* MovieModel.swift */ = {isa = PBXFileReference; lastKnownFileType = sourcecode.swift; path = MovieModel.swift; sourceTree = "<group>"; };
		19D99B5029D33CBF00F5414A /* BookingView.swift */ = {isa = PBXFileReference; lastKnownFileType = sourcecode.swift; path = BookingView.swift; sourceTree = "<group>"; };
/* End PBXFileReference section */

/* Begin PBXFrameworksBuildPhase section */
		19D99B3629D30A0700F5414A /* Frameworks */ = {
			isa = PBXFrameworksBuildPhase;
			buildActionMask = 2147483647;
			files = (
			);
			runOnlyForDeploymentPostprocessing = 0;
		};
/* End PBXFrameworksBuildPhase section */

/* Begin PBXGroup section */
		19D99B3029D30A0700F5414A = {
			isa = PBXGroup;
			children = (
				19D99B3B29D30A0700F5414A /* TickeBoo */,
				19D99B3A29D30A0700F5414A /* Products */,
			);
			sourceTree = "<group>";
		};
		19D99B3A29D30A0700F5414A /* Products */ = {
			isa = PBXGroup;
			children = (
				19D99B3929D30A0700F5414A /* TickeBoo.app */,
			);
			name = Products;
			sourceTree = "<group>";
		};
		19D99B3B29D30A0700F5414A /* TickeBoo */ = {
			isa = PBXGroup;
			children = (
				19D99B3C29D30A0700F5414A /* TickeBooApp.swift */,
				19D99B4D29D322EE00F5414A /* Model */,
				19D99B4A29D30A3A00F5414A /* View */,
				19D99B3E29D30A0700F5414A /* ContentView.swift */,
				19D99B4029D30A0900F5414A /* Assets.xcassets */,
				19D99B4229D30A0900F5414A /* Preview Content */,
			);
			path = TickeBoo;
			sourceTree = "<group>";
		};
		19D99B4229D30A0900F5414A /* Preview Content */ = {
			isa = PBXGroup;
			children = (
				19D99B4329D30A0900F5414A /* Preview Assets.xcassets */,
			);
			path = "Preview Content";
			sourceTree = "<group>";
		};
		19D99B4A29D30A3A00F5414A /* View */ = {
			isa = PBXGroup;
			children = (
				19D99B4B29D30AEE00F5414A /* Home.swift */,
				19D99B5029D33CBF00F5414A /* BookingView.swift */,
			);
			path = View;
			sourceTree = "<group>";
		};
		19D99B4D29D322EE00F5414A /* Model */ = {
			isa = PBXGroup;
			children = (
				19D99B4E29D3235200F5414A /* MovieModel.swift */,
			);
			path = Model;
			sourceTree = "<group>";
		};
/* End PBXGroup section */

/* Begin PBXNativeTarget section */
		19D99B3829D30A0700F5414A /* TickeBoo */ = {
			isa = PBXNativeTarget;
			buildConfigurationList = 19D99B4729D30A0900F5414A /* Build configuration list for PBXNativeTarget "TickeBoo" */;
			buildPhases = (
				19D99B3529D30A0700F5414A /* Sources */,
				19D99B3629D30A0700F5414A /* Frameworks */,
				19D99B3729D30A0700F5414A /* Resources */,
			);
			buildRules = (
			);
			dependencies = (
			);
			name = TickeBoo;
			productName = TickeBoo;
			productReference = 19D99B3929D30A0700F5414A /* TickeBoo.app */;
			productType = "com.apple.product-type.application";
		};
/* End PBXNativeTarget section */

/* Begin PBXProject section */
		19D99B3129D30A0700F5414A /* Project object */ = {
			isa = PBXProject;
			attributes = {
				BuildIndependentTargetsInParallel = 1;
				LastSwiftUpdateCheck = 1420;
				LastUpgradeCheck = 1420;
				TargetAttributes = {
					19D99B3829D30A0700F5414A = {
						CreatedOnToolsVersion = 14.2;
					};
				};
			};
			buildConfigurationList = 19D99B3429D30A0700F5414A /* Build configuration list for PBXProject "TickeBoo" */;
			compatibilityVersion = "Xcode 14.0";
			developmentRegion = en;
			hasScannedForEncodings = 0;
			knownRegions = (
				en,
				Base,
			);
			mainGroup = 19D99B3029D30A0700F5414A;
			productRefGroup = 19D99B3A29D30A0700F5414A /* Products */;
			projectDirPath = "";
			projectRoot = "";
			targets = (
				19D99B3829D30A0700F5414A /* TickeBoo */,
			);
		};
/* End PBXProject section */

/* Begin PBXResourcesBuildPhase section */
		19D99B3729D30A0700F5414A /* Resources */ = {
			isa = PBXResourcesBuildPhase;
			buildActionMask = 2147483647;
			files = (
				19D99B4429D30A0900F5414A /* Preview Assets.xcassets in Resources */,
				19D99B4129D30A0900F5414A /* Assets.xcassets in Resources */,
			);
			runOnlyForDeploymentPostprocessing = 0;
		};
/* End PBXResourcesBuildPhase section */

/* Begin PBXSourcesBuildPhase section */
		19D99B3529D30A0700F5414A /* Sources */ = {
			isa = PBXSourcesBuildPhase;
			buildActionMask = 2147483647;
			files = (
				19D99B4F29D3235200F5414A /* MovieModel.swift in Sources */,
				19D99B3F29D30A0700F5414A /* ContentView.swift in Sources */,
				19D99B4C29D30AEE00F5414A /* Home.swift in Sources */,
				19D99B3D29D30A0700F5414A /* TickeBooApp.swift in Sources */,
				19D99B5129D33CBF00F5414A /* BookingView.swift in Sources */,
			);
			runOnlyForDeploymentPostprocessing = 0;
		};
/* End PBXSourcesBuildPhase section */

/* Begin XCBuildConfiguration section */
		19D99B4529D30A0900F5414A /* Debug */ = {
			isa = XCBuildConfiguration;
			buildSettings = {
				ALWAYS_SEARCH_USER_PATHS = NO;
				CLANG_ANALYZER_NONNULL = YES;
				CLANG_ANALYZER_NUMBER_OBJECT_CONVERSION = YES_AGGRESSIVE;
				CLANG_CXX_LANGUAGE_STANDARD = "gnu++20";
				CLANG_ENABLE_MODULES = YES;
				CLANG_ENABLE_OBJC_ARC = YES;
				CLANG_ENABLE_OBJC_WEAK = YES;
				CLANG_WARN_BLOCK_CAPTURE_AUTORELEASING = YES;
				CLANG_WARN_BOOL_CONVERSION = YES;
				CLANG_WARN_COMMA = YES;
				CLANG_WARN_CONSTANT_CONVERSION = YES;
				CLANG_WARN_DEPRECATED_OBJC_IMPLEMENTATIONS = YES;
				CLANG_WARN_DIRECT_OBJC_ISA_USAGE = YES_ERROR;
				CLANG_WARN_DOCUMENTATION_COMMENTS = YES;
				CLANG_WARN_EMPTY_BODY = YES;
				CLANG_WARN_ENUM_CONVERSION = YES;
				CLANG_WARN_INFINITE_RECURSION = YES;
				CLANG_WARN_INT_CONVERSION = YES;
				CLANG_WARN_NON_LITERAL_NULL_CONVERSION = YES;
				CLANG_WARN_OBJC_IMPLICIT_RETAIN_SELF = YES;
				CLANG_WARN_OBJC_LITERAL_CONVERSION = YES;
				CLANG_WARN_OBJC_ROOT_CLASS = YES_ERROR;
				CLANG_WARN_QUOTED_INCLUDE_IN_FRAMEWORK_HEADER = YES;
				CLANG_WARN_RANGE_LOOP_ANALYSIS = YES;
				CLANG_WARN_STRICT_PROTOTYPES = YES;
				CLANG_WARN_SUSPICIOUS_MOVE = YES;
				CLANG_WARN_UNGUARDED_AVAILABILITY = YES_AGGRESSIVE;
				CLANG_WARN_UNREACHABLE_CODE = YES;
				CLANG_WARN__DUPLICATE_METHOD_MATCH = YES;
				COPY_PHASE_STRIP = NO;
				DEBUG_INFORMATION_FORMAT = dwarf;
				ENABLE_STRICT_OBJC_MSGSEND = YES;
				ENABLE_TESTABILITY = YES;
				GCC_C_LANGUAGE_STANDARD = gnu11;
				GCC_DYNAMIC_NO_PIC = NO;
				GCC_NO_COMMON_BLOCKS = YES;
				GCC_OPTIMIZATION_LEVEL = 0;
				GCC_PREPROCESSOR_DEFINITIONS = (
					"DEBUG=1",
					"$(inherited)",
				);
				GCC_WARN_64_TO_32_BIT_CONVERSION = YES;
				GCC_WARN_ABOUT_RETURN_TYPE = YES_ERROR;
				GCC_WARN_UNDECLARED_SELECTOR = YES;
				GCC_WARN_UNINITIALIZED_AUTOS = YES_AGGRESSIVE;
				GCC_WARN_UNUSED_FUNCTION = YES;
				GCC_WARN_UNUSED_VARIABLE = YES;
				IPHONEOS_DEPLOYMENT_TARGET = 16.2;
				MTL_ENABLE_DEBUG_INFO = INCLUDE_SOURCE;
				MTL_FAST_MATH = YES;
				ONLY_ACTIVE_ARCH = YES;
				SDKROOT = iphoneos;
				SWIFT_ACTIVE_COMPILATION_CONDITIONS = DEBUG;
				SWIFT_OPTIMIZATION_LEVEL = "-Onone";
			};
			name = Debug;
		};
		19D99B4629D30A0900F5414A /* Release */ = {
			isa = XCBuildConfiguration;
			buildSettings = {
				ALWAYS_SEARCH_USER_PATHS = NO;
				CLANG_ANALYZER_NONNULL = YES;
				CLANG_ANALYZER_NUMBER_OBJECT_CONVERSION = YES_AGGRESSIVE;
				CLANG_CXX_LANGUAGE_STANDARD = "gnu++20";
				CLANG_ENABLE_MODULES = YES;
				CLANG_ENABLE_OBJC_ARC = YES;
				CLANG_ENABLE_OBJC_WEAK = YES;
				CLANG_WARN_BLOCK_CAPTURE_AUTORELEASING = YES;
				CLANG_WARN_BOOL_CONVERSION = YES;
				CLANG_WARN_COMMA = YES;
				CLANG_WARN_CONSTANT_CONVERSION = YES;
				CLANG_WARN_DEPRECATED_OBJC_IMPLEMENTATIONS = YES;
				CLANG_WARN_DIRECT_OBJC_ISA_USAGE = YES_ERROR;
				CLANG_WARN_DOCUMENTATION_COMMENTS = YES;
				CLANG_WARN_EMPTY_BODY = YES;
				CLANG_WARN_ENUM_CONVERSION = YES;
				CLANG_WARN_INFINITE_RECURSION = YES;
				CLANG_WARN_INT_CONVERSION = YES;
				CLANG_WARN_NON_LITERAL_NULL_CONVERSION = YES;
				CLANG_WARN_OBJC_IMPLICIT_RETAIN_SELF = YES;
				CLANG_WARN_OBJC_LITERAL_CONVERSION = YES;
				CLANG_WARN_OBJC_ROOT_CLASS = YES_ERROR;
				CLANG_WARN_QUOTED_INCLUDE_IN_FRAMEWORK_HEADER = YES;
				CLANG_WARN_RANGE_LOOP_ANALYSIS = YES;
				CLANG_WARN_STRICT_PROTOTYPES = YES;
				CLANG_WARN_SUSPICIOUS_MOVE = YES;
				CLANG_WARN_UNGUARDED_AVAILABILITY = YES_AGGRESSIVE;
				CLANG_WARN_UNREACHABLE_CODE = YES;
				CLANG_WARN__DUPLICATE_METHOD_MATCH = YES;
				COPY_PHASE_STRIP = NO;
				DEBUG_INFORMATION_FORMAT = "dwarf-with-dsym";
				ENABLE_NS_ASSERTIONS = NO;
				ENABLE_STRICT_OBJC_MSGSEND = YES;
				GCC_C_LANGUAGE_STANDARD = gnu11;
				GCC_NO_COMMON_BLOCKS = YES;
				GCC_WARN_64_TO_32_BIT_CONVERSION = YES;
				GCC_WARN_ABOUT_RETURN_TYPE = YES_ERROR;
				GCC_WARN_UNDECLARED_SELECTOR = YES;
				GCC_WARN_UNINITIALIZED_AUTOS = YES_AGGRESSIVE;
				GCC_WARN_UNUSED_FUNCTION = YES;
				GCC_WARN_UNUSED_VARIABLE = YES;
				IPHONEOS_DEPLOYMENT_TARGET = 16.2;
				MTL_ENABLE_DEBUG_INFO = NO;
				MTL_FAST_MATH = YES;
				SDKROOT = iphoneos;
				SWIFT_COMPILATION_MODE = wholemodule;
				SWIFT_OPTIMIZATION_LEVEL = "-O";
				VALIDATE_PRODUCT = YES;
			};
			name = Release;
		};
		19D99B4829D30A0900F5414A /* Debug */ = {
			isa = XCBuildConfiguration;
			buildSettings = {
				ASSETCATALOG_COMPILER_APPICON_NAME = AppIcon;
				ASSETCATALOG_COMPILER_GLOBAL_ACCENT_COLOR_NAME = AccentColor;
				CODE_SIGN_STYLE = Automatic;
				CURRENT_PROJECT_VERSION = 1;
				DEVELOPMENT_ASSET_PATHS = "\"TickeBoo/Preview Content\"";
				DEVELOPMENT_TEAM = YY38H52DZ8;
				ENABLE_PREVIEWS = YES;
				GENERATE_INFOPLIST_FILE = YES;
				INFOPLIST_KEY_UIApplicationSceneManifest_Generation = YES;
				INFOPLIST_KEY_UIApplicationSupportsIndirectInputEvents = YES;
				INFOPLIST_KEY_UILaunchScreen_Generation = YES;
				INFOPLIST_KEY_UISupportedInterfaceOrientations_iPad = "UIInterfaceOrientationPortrait UIInterfaceOrientationPortraitUpsideDown UIInterfaceOrientationLandscapeLeft UIInterfaceOrientationLandscapeRight";
				INFOPLIST_KEY_UISupportedInterfaceOrientations_iPhone = "UIInterfaceOrientationPortrait UIInterfaceOrientationLandscapeLeft UIInterfaceOrientationLandscapeRight";
				LD_RUNPATH_SEARCH_PATHS = (
					"$(inherited)",
					"@executable_path/Frameworks",
				);
				MARKETING_VERSION = 1.0;
				PRODUCT_BUNDLE_IDENTIFIER = com.nishant.TickeBoo;
				PRODUCT_NAME = "$(TARGET_NAME)";
				SWIFT_EMIT_LOC_STRINGS = YES;
				SWIFT_VERSION = 5.0;
				TARGETED_DEVICE_FAMILY = "1,2";
			};
			name = Debug;
		};
		19D99B4929D30A0900F5414A /* Release */ = {
			isa = XCBuildConfiguration;
			buildSettings = {
				ASSETCATALOG_COMPILER_APPICON_NAME = AppIcon;
				ASSETCATALOG_COMPILER_GLOBAL_ACCENT_COLOR_NAME = AccentColor;
				CODE_SIGN_STYLE = Automatic;
				CURRENT_PROJECT_VERSION = 1;
				DEVELOPMENT_ASSET_PATHS = "\"TickeBoo/Preview Content\"";
				DEVELOPMENT_TEAM = YY38H52DZ8;
				ENABLE_PREVIEWS = YES;
				GENERATE_INFOPLIST_FILE = YES;
				INFOPLIST_KEY_UIApplicationSceneManifest_Generation = YES;
				INFOPLIST_KEY_UIApplicationSupportsIndirectInputEvents = YES;
				INFOPLIST_KEY_UILaunchScreen_Generation = YES;
				INFOPLIST_KEY_UISupportedInterfaceOrientations_iPad = "UIInterfaceOrientationPortrait UIInterfaceOrientationPortraitUpsideDown UIInterfaceOrientationLandscapeLeft UIInterfaceOrientationLandscapeRight";
				INFOPLIST_KEY_UISupportedInterfaceOrientations_iPhone = "UIInterfaceOrientationPortrait UIInterfaceOrientationLandscapeLeft UIInterfaceOrientationLandscapeRight";
				LD_RUNPATH_SEARCH_PATHS = (
					"$(inherited)",
					"@executable_path/Frameworks",
				);
				MARKETING_VERSION = 1.0;
				PRODUCT_BUNDLE_IDENTIFIER = com.nishant.TickeBoo;
				PRODUCT_NAME = "$(TARGET_NAME)";
				SWIFT_EMIT_LOC_STRINGS = YES;
				SWIFT_VERSION = 5.0;
				TARGETED_DEVICE_FAMILY = "1,2";
			};
			name = Release;
		};
/* End XCBuildConfiguration section */

/* Begin XCConfigurationList section */
		19D99B3429D30A0700F5414A /* Build configuration list for PBXProject "TickeBoo" */ = {
			isa = XCConfigurationList;
			buildConfigurations = (
				19D99B4529D30A0900F5414A /* Debug */,
				19D99B4629D30A0900F5414A /* Release */,
			);
			defaultConfigurationIsVisible = 0;
			defaultConfigurationName = Release;
		};
		19D99B4729D30A0900F5414A /* Build configuration list for PBXNativeTarget "TickeBoo" */ = {
			isa = XCConfigurationList;
			buildConfigurations = (
				19D99B4829D30A0900F5414A /* Debug */,
				19D99B4929D30A0900F5414A /* Release */,
			);
			defaultConfigurationIsVisible = 0;
			defaultConfigurationName = Release;
		};
/* End XCConfigurationList section */
	};
	rootObject = 19D99B3129D30A0700F5414A /* Project object */;
}
